// !$*UTF8*$!
{
	archiveVersion = 1;
	classes = {
	};
	objectVersion = 52;
	objects = {

/* Begin PBXBuildFile section */
		38B37075527F1B4253403349 /* Pods_PhotosMediaM_MaiquiCedeno.framework in Frameworks */ = {isa = PBXBuildFile; fileRef = FE4DDC2745DDFFCC073EDB75 /* Pods_PhotosMediaM_MaiquiCedeno.framework */; };
		653B6BD62648461800B23A61 /* AlbumsCollectionViewCell.swift in Sources */ = {isa = PBXBuildFile; fileRef = 653B6BD42648461800B23A61 /* AlbumsCollectionViewCell.swift */; };
		653B6BD72648461800B23A61 /* AlbumsCollectionViewCell.xib in Resources */ = {isa = PBXBuildFile; fileRef = 653B6BD52648461800B23A61 /* AlbumsCollectionViewCell.xib */; };
		6572D3F62647336D00D9CC3D /* AppDelegate.swift in Sources */ = {isa = PBXBuildFile; fileRef = 6572D3F52647336D00D9CC3D /* AppDelegate.swift */; };
		6572D3FA2647336D00D9CC3D /* ViewController.swift in Sources */ = {isa = PBXBuildFile; fileRef = 6572D3F92647336D00D9CC3D /* ViewController.swift */; };
		6572D3FD2647336D00D9CC3D /* Main.storyboard in Resources */ = {isa = PBXBuildFile; fileRef = 6572D3FB2647336D00D9CC3D /* Main.storyboard */; };
		6572D3FF2647336E00D9CC3D /* Assets.xcassets in Resources */ = {isa = PBXBuildFile; fileRef = 6572D3FE2647336E00D9CC3D /* Assets.xcassets */; };
		6572D4022647336E00D9CC3D /* LaunchScreen.storyboard in Resources */ = {isa = PBXBuildFile; fileRef = 6572D4002647336E00D9CC3D /* LaunchScreen.storyboard */; };
		65C527A22647520000819219 /* NetworkingProvider.swift in Sources */ = {isa = PBXBuildFile; fileRef = 65C527A12647520000819219 /* NetworkingProvider.swift */; };
		65C527A626475F4A00819219 /* Albums.swift in Sources */ = {isa = PBXBuildFile; fileRef = 65C527A526475F4A00819219 /* Albums.swift */; };
		65C527CC26476BCF00819219 /* Alamofire in Frameworks */ = {isa = PBXBuildFile; productRef = 65C527CB26476BCF00819219 /* Alamofire */; };
/* End PBXBuildFile section */

/* Begin PBXFileReference section */
		653B6BD42648461800B23A61 /* AlbumsCollectionViewCell.swift */ = {isa = PBXFileReference; lastKnownFileType = sourcecode.swift; path = AlbumsCollectionViewCell.swift; sourceTree = "<group>"; };
		653B6BD52648461800B23A61 /* AlbumsCollectionViewCell.xib */ = {isa = PBXFileReference; lastKnownFileType = file.xib; path = AlbumsCollectionViewCell.xib; sourceTree = "<group>"; };
		6572D3F22647336D00D9CC3D /* PhotosMediaM_MaiquiCedeno.app */ = {isa = PBXFileReference; explicitFileType = wrapper.application; includeInIndex = 0; path = PhotosMediaM_MaiquiCedeno.app; sourceTree = BUILT_PRODUCTS_DIR; };
		6572D3F52647336D00D9CC3D /* AppDelegate.swift */ = {isa = PBXFileReference; lastKnownFileType = sourcecode.swift; path = AppDelegate.swift; sourceTree = "<group>"; };
		6572D3F92647336D00D9CC3D /* ViewController.swift */ = {isa = PBXFileReference; lastKnownFileType = sourcecode.swift; path = ViewController.swift; sourceTree = "<group>"; };
		6572D3FC2647336D00D9CC3D /* Base */ = {isa = PBXFileReference; lastKnownFileType = file.storyboard; name = Base; path = Base.lproj/Main.storyboard; sourceTree = "<group>"; };
		6572D3FE2647336E00D9CC3D /* Assets.xcassets */ = {isa = PBXFileReference; lastKnownFileType = folder.assetcatalog; path = Assets.xcassets; sourceTree = "<group>"; };
		6572D4012647336E00D9CC3D /* Base */ = {isa = PBXFileReference; lastKnownFileType = file.storyboard; name = Base; path = Base.lproj/LaunchScreen.storyboard; sourceTree = "<group>"; };
		6572D4032647336E00D9CC3D /* Info.plist */ = {isa = PBXFileReference; lastKnownFileType = text.plist.xml; path = Info.plist; sourceTree = "<group>"; };
		65C527A12647520000819219 /* NetworkingProvider.swift */ = {isa = PBXFileReference; lastKnownFileType = sourcecode.swift; path = NetworkingProvider.swift; sourceTree = "<group>"; };
		65C527A526475F4A00819219 /* Albums.swift */ = {isa = PBXFileReference; lastKnownFileType = sourcecode.swift; path = Albums.swift; sourceTree = "<group>"; };
		C8FC32D9ACBF8B29A567EB86 /* Pods-PhotosMediaM_MaiquiCedeno.release.xcconfig */ = {isa = PBXFileReference; includeInIndex = 1; lastKnownFileType = text.xcconfig; name = "Pods-PhotosMediaM_MaiquiCedeno.release.xcconfig"; path = "Target Support Files/Pods-PhotosMediaM_MaiquiCedeno/Pods-PhotosMediaM_MaiquiCedeno.release.xcconfig"; sourceTree = "<group>"; };
		D778837F50E6139983E6A7F1 /* Pods-PhotosMediaM_MaiquiCedeno.debug.xcconfig */ = {isa = PBXFileReference; includeInIndex = 1; lastKnownFileType = text.xcconfig; name = "Pods-PhotosMediaM_MaiquiCedeno.debug.xcconfig"; path = "Target Support Files/Pods-PhotosMediaM_MaiquiCedeno/Pods-PhotosMediaM_MaiquiCedeno.debug.xcconfig"; sourceTree = "<group>"; };
		FE4DDC2745DDFFCC073EDB75 /* Pods_PhotosMediaM_MaiquiCedeno.framework */ = {isa = PBXFileReference; explicitFileType = wrapper.framework; includeInIndex = 0; path = Pods_PhotosMediaM_MaiquiCedeno.framework; sourceTree = BUILT_PRODUCTS_DIR; };
/* End PBXFileReference section */

/* Begin PBXFrameworksBuildPhase section */
		6572D3EF2647336D00D9CC3D /* Frameworks */ = {
			isa = PBXFrameworksBuildPhase;
			buildActionMask = 2147483647;
			files = (
				38B37075527F1B4253403349 /* Pods_PhotosMediaM_MaiquiCedeno.framework in Frameworks */,
				65C527CC26476BCF00819219 /* Alamofire in Frameworks */,
			);
			runOnlyForDeploymentPostprocessing = 0;
		};
/* End PBXFrameworksBuildPhase section */

/* Begin PBXGroup section */
		46356E80B30D91A69E2ABCB0 /* Pods */ = {
			isa = PBXGroup;
			children = (
				D778837F50E6139983E6A7F1 /* Pods-PhotosMediaM_MaiquiCedeno.debug.xcconfig */,
				C8FC32D9ACBF8B29A567EB86 /* Pods-PhotosMediaM_MaiquiCedeno.release.xcconfig */,
			);
			path = Pods;
			sourceTree = "<group>";
		};
		651BB4632648CB9A00DE4D4B /* Albums */ = {
			isa = PBXGroup;
			children = (
				653B6BD42648461800B23A61 /* AlbumsCollectionViewCell.swift */,
				653B6BD52648461800B23A61 /* AlbumsCollectionViewCell.xib */,
			);
			path = Albums;
			sourceTree = "<group>";
		};
		653B6BD3264844FC00B23A61 /* Common */ = {
			isa = PBXGroup;
			children = (
				6572D3F52647336D00D9CC3D /* AppDelegate.swift */,
				6572D3F92647336D00D9CC3D /* ViewController.swift */,
				6572D3FB2647336D00D9CC3D /* Main.storyboard */,
				6572D4002647336E00D9CC3D /* LaunchScreen.storyboard */,
			);
			path = Common;
			sourceTree = "<group>";
		};
		6572D3E92647336D00D9CC3D = {
			isa = PBXGroup;
			children = (
				6572D3F42647336D00D9CC3D /* PhotosMediaM_MaiquiCedeno */,
				6572D3F32647336D00D9CC3D /* Products */,
				46356E80B30D91A69E2ABCB0 /* Pods */,
				EA19349A2A6B99DF69B14687 /* Frameworks */,
			);
			sourceTree = "<group>";
		};
		6572D3F32647336D00D9CC3D /* Products */ = {
			isa = PBXGroup;
			children = (
				6572D3F22647336D00D9CC3D /* PhotosMediaM_MaiquiCedeno.app */,
			);
			name = Products;
			sourceTree = "<group>";
		};
		6572D3F42647336D00D9CC3D /* PhotosMediaM_MaiquiCedeno */ = {
			isa = PBXGroup;
			children = (
				651BB4632648CB9A00DE4D4B /* Albums */,
				653B6BD3264844FC00B23A61 /* Common */,
				65C527A0264751B600819219 /* Network */,
				6572D3FE2647336E00D9CC3D /* Assets.xcassets */,
				6572D4032647336E00D9CC3D /* Info.plist */,
			);
			path = PhotosMediaM_MaiquiCedeno;
			sourceTree = "<group>";
		};
		65C527A0264751B600819219 /* Network */ = {
			isa = PBXGroup;
			children = (
				65C527A12647520000819219 /* NetworkingProvider.swift */,
				65C527A426475EF300819219 /* Models */,
			);
			path = Network;
			sourceTree = "<group>";
		};
		65C527A426475EF300819219 /* Models */ = {
			isa = PBXGroup;
			children = (
				65C527A526475F4A00819219 /* Albums.swift */,
			);
			path = Models;
			sourceTree = "<group>";
		};
		EA19349A2A6B99DF69B14687 /* Frameworks */ = {
			isa = PBXGroup;
			children = (
				FE4DDC2745DDFFCC073EDB75 /* Pods_PhotosMediaM_MaiquiCedeno.framework */,
			);
			name = Frameworks;
			sourceTree = "<group>";
		};
/* End PBXGroup section */

/* Begin PBXNativeTarget section */
		6572D3F12647336D00D9CC3D /* PhotosMediaM_MaiquiCedeno */ = {
			isa = PBXNativeTarget;
			buildConfigurationList = 6572D4062647336E00D9CC3D /* Build configuration list for PBXNativeTarget "PhotosMediaM_MaiquiCedeno" */;
			buildPhases = (
				96236EF598E33A3CD64B75D5 /* [CP] Check Pods Manifest.lock */,
				6572D3EE2647336D00D9CC3D /* Sources */,
				6572D3EF2647336D00D9CC3D /* Frameworks */,
				6572D3F02647336D00D9CC3D /* Resources */,
				41577ACB74C874FD9738B92F /* [CP] Embed Pods Frameworks */,
			);
			buildRules = (
			);
			dependencies = (
			);
			name = PhotosMediaM_MaiquiCedeno;
			packageProductDependencies = (
				65C527CB26476BCF00819219 /* Alamofire */,
			);
			productName = PhotosMediaM_MaiquiCedeno;
			productReference = 6572D3F22647336D00D9CC3D /* PhotosMediaM_MaiquiCedeno.app */;
			productType = "com.apple.product-type.application";
		};
/* End PBXNativeTarget section */

/* Begin PBXProject section */
		6572D3EA2647336D00D9CC3D /* Project object */ = {
			isa = PBXProject;
			attributes = {
				LastSwiftUpdateCheck = 1210;
				LastUpgradeCheck = 1210;
				TargetAttributes = {
					6572D3F12647336D00D9CC3D = {
						CreatedOnToolsVersion = 12.1.1;
					};
				};
			};
			buildConfigurationList = 6572D3ED2647336D00D9CC3D /* Build configuration list for PBXProject "PhotosMediaM_MaiquiCedeno" */;
			compatibilityVersion = "Xcode 9.3";
			developmentRegion = en;
			hasScannedForEncodings = 0;
			knownRegions = (
				en,
				Base,
			);
			mainGroup = 6572D3E92647336D00D9CC3D;
			packageReferences = (
				65C527CA26476BCF00819219 /* XCRemoteSwiftPackageReference "Alamofire" */,
			);
			productRefGroup = 6572D3F32647336D00D9CC3D /* Products */;
			projectDirPath = "";
			projectRoot = "";
			targets = (
				6572D3F12647336D00D9CC3D /* PhotosMediaM_MaiquiCedeno */,
			);
		};
/* End PBXProject section */

/* Begin PBXResourcesBuildPhase section */
		6572D3F02647336D00D9CC3D /* Resources */ = {
			isa = PBXResourcesBuildPhase;
			buildActionMask = 2147483647;
			files = (
				653B6BD72648461800B23A61 /* AlbumsCollectionViewCell.xib in Resources */,
				6572D4022647336E00D9CC3D /* LaunchScreen.storyboard in Resources */,
				6572D3FF2647336E00D9CC3D /* Assets.xcassets in Resources */,
				6572D3FD2647336D00D9CC3D /* Main.storyboard in Resources */,
			);
			runOnlyForDeploymentPostprocessing = 0;
		};
/* End PBXResourcesBuildPhase section */

/* Begin PBXShellScriptBuildPhase section */
		41577ACB74C874FD9738B92F /* [CP] Embed Pods Frameworks */ = {
			isa = PBXShellScriptBuildPhase;
			buildActionMask = 2147483647;
			files = (
			);
			inputFileListPaths = (
				"${PODS_ROOT}/Target Support Files/Pods-PhotosMediaM_MaiquiCedeno/Pods-PhotosMediaM_MaiquiCedeno-frameworks-${CONFIGURATION}-input-files.xcfilelist",
			);
			name = "[CP] Embed Pods Frameworks";
			outputFileListPaths = (
				"${PODS_ROOT}/Target Support Files/Pods-PhotosMediaM_MaiquiCedeno/Pods-PhotosMediaM_MaiquiCedeno-frameworks-${CONFIGURATION}-output-files.xcfilelist",
			);
			runOnlyForDeploymentPostprocessing = 0;
			shellPath = /bin/sh;
			shellScript = "\"${PODS_ROOT}/Target Support Files/Pods-PhotosMediaM_MaiquiCedeno/Pods-PhotosMediaM_MaiquiCedeno-frameworks.sh\"\n";
			showEnvVarsInLog = 0;
		};
		96236EF598E33A3CD64B75D5 /* [CP] Check Pods Manifest.lock */ = {
			isa = PBXShellScriptBuildPhase;
			buildActionMask = 2147483647;
			files = (
			);
			inputFileListPaths = (
			);
			inputPaths = (
				"${PODS_PODFILE_DIR_PATH}/Podfile.lock",
				"${PODS_ROOT}/Manifest.lock",
			);
			name = "[CP] Check Pods Manifest.lock";
			outputFileListPaths = (
			);
			outputPaths = (
				"$(DERIVED_FILE_DIR)/Pods-PhotosMediaM_MaiquiCedeno-checkManifestLockResult.txt",
			);
			runOnlyForDeploymentPostprocessing = 0;
			shellPath = /bin/sh;
			shellScript = "diff \"${PODS_PODFILE_DIR_PATH}/Podfile.lock\" \"${PODS_ROOT}/Manifest.lock\" > /dev/null\nif [ $? != 0 ] ; then\n    # print error to STDERR\n    echo \"error: The sandbox is not in sync with the Podfile.lock. Run 'pod install' or update your CocoaPods installation.\" >&2\n    exit 1\nfi\n# This output is used by Xcode 'outputs' to avoid re-running this script phase.\necho \"SUCCESS\" > \"${SCRIPT_OUTPUT_FILE_0}\"\n";
			showEnvVarsInLog = 0;
		};
/* End PBXShellScriptBuildPhase section */

/* Begin PBXSourcesBuildPhase section */
		6572D3EE2647336D00D9CC3D /* Sources */ = {
			isa = PBXSourcesBuildPhase;
			buildActionMask = 2147483647;
			files = (
				6572D3FA2647336D00D9CC3D /* ViewController.swift in Sources */,
				653B6BD62648461800B23A61 /* AlbumsCollectionViewCell.swift in Sources */,
				6572D3F62647336D00D9CC3D /* AppDelegate.swift in Sources */,
				65C527A22647520000819219 /* NetworkingProvider.swift in Sources */,
				65C527A626475F4A00819219 /* Albums.swift in Sources */,
			);
			runOnlyForDeploymentPostprocessing = 0;
		};
/* End PBXSourcesBuildPhase section */

/* Begin PBXVariantGroup section */
		6572D3FB2647336D00D9CC3D /* Main.storyboard */ = {
			isa = PBXVariantGroup;
			children = (
				6572D3FC2647336D00D9CC3D /* Base */,
			);
			name = Main.storyboard;
			sourceTree = "<group>";
		};
		6572D4002647336E00D9CC3D /* LaunchScreen.storyboard */ = {
			isa = PBXVariantGroup;
			children = (
				6572D4012647336E00D9CC3D /* Base */,
			);
			name = LaunchScreen.storyboard;
			sourceTree = "<group>";
		};
/* End PBXVariantGroup section */

/* Begin XCBuildConfiguration section */
		6572D4042647336E00D9CC3D /* Debug */ = {
			isa = XCBuildConfiguration;
			buildSettings = {
				ALWAYS_SEARCH_USER_PATHS = NO;
				CLANG_ANALYZER_NONNULL = YES;
				CLANG_ANALYZER_NUMBER_OBJECT_CONVERSION = YES_AGGRESSIVE;
				CLANG_CXX_LANGUAGE_STANDARD = "gnu++14";
				CLANG_CXX_LIBRARY = "libc++";
				CLANG_ENABLE_MODULES = YES;
				CLANG_ENABLE_OBJC_ARC = YES;
				CLANG_ENABLE_OBJC_WEAK = YES;
				CLANG_WARN_BLOCK_CAPTURE_AUTORELEASING = YES;
				CLANG_WARN_BOOL_CONVERSION = YES;
				CLANG_WARN_COMMA = YES;
				CLANG_WARN_CONSTANT_CONVERSION = YES;
				CLANG_WARN_DEPRECATED_OBJC_IMPLEMENTATIONS = YES;
				CLANG_WARN_DIRECT_OBJC_ISA_USAGE = YES_ERROR;
				CLANG_WARN_DOCUMENTATION_COMMENTS = YES;
				CLANG_WARN_EMPTY_BODY = YES;
				CLANG_WARN_ENUM_CONVERSION = YES;
				CLANG_WARN_INFINITE_RECURSION = YES;
				CLANG_WARN_INT_CONVERSION = YES;
				CLANG_WARN_NON_LITERAL_NULL_CONVERSION = YES;
				CLANG_WARN_OBJC_IMPLICIT_RETAIN_SELF = YES;
				CLANG_WARN_OBJC_LITERAL_CONVERSION = YES;
				CLANG_WARN_OBJC_ROOT_CLASS = YES_ERROR;
				CLANG_WARN_QUOTED_INCLUDE_IN_FRAMEWORK_HEADER = YES;
				CLANG_WARN_RANGE_LOOP_ANALYSIS = YES;
				CLANG_WARN_STRICT_PROTOTYPES = YES;
				CLANG_WARN_SUSPICIOUS_MOVE = YES;
				CLANG_WARN_UNGUARDED_AVAILABILITY = YES_AGGRESSIVE;
				CLANG_WARN_UNREACHABLE_CODE = YES;
				CLANG_WARN__DUPLICATE_METHOD_MATCH = YES;
				COPY_PHASE_STRIP = NO;
				DEBUG_INFORMATION_FORMAT = dwarf;
				ENABLE_STRICT_OBJC_MSGSEND = YES;
				ENABLE_TESTABILITY = YES;
				GCC_C_LANGUAGE_STANDARD = gnu11;
				GCC_DYNAMIC_NO_PIC = NO;
				GCC_NO_COMMON_BLOCKS = YES;
				GCC_OPTIMIZATION_LEVEL = 0;
				GCC_PREPROCESSOR_DEFINITIONS = (
					"DEBUG=1",
					"$(inherited)",
				);
				GCC_WARN_64_TO_32_BIT_CONVERSION = YES;
				GCC_WARN_ABOUT_RETURN_TYPE = YES_ERROR;
				GCC_WARN_UNDECLARED_SELECTOR = YES;
				GCC_WARN_UNINITIALIZED_AUTOS = YES_AGGRESSIVE;
				GCC_WARN_UNUSED_FUNCTION = YES;
				GCC_WARN_UNUSED_VARIABLE = YES;
				IPHONEOS_DEPLOYMENT_TARGET = 14.2;
				MTL_ENABLE_DEBUG_INFO = INCLUDE_SOURCE;
				MTL_FAST_MATH = YES;
				ONLY_ACTIVE_ARCH = YES;
				SDKROOT = iphoneos;
				SWIFT_ACTIVE_COMPILATION_CONDITIONS = DEBUG;
				SWIFT_OPTIMIZATION_LEVEL = "-Onone";
			};
			name = Debug;
		};
		6572D4052647336E00D9CC3D /* Release */ = {
			isa = XCBuildConfiguration;
			buildSettings = {
				ALWAYS_SEARCH_USER_PATHS = NO;
				CLANG_ANALYZER_NONNULL = YES;
				CLANG_ANALYZER_NUMBER_OBJECT_CONVERSION = YES_AGGRESSIVE;
				CLANG_CXX_LANGUAGE_STANDARD = "gnu++14";
				CLANG_CXX_LIBRARY = "libc++";
				CLANG_ENABLE_MODULES = YES;
				CLANG_ENABLE_OBJC_ARC = YES;
				CLANG_ENABLE_OBJC_WEAK = YES;
				CLANG_WARN_BLOCK_CAPTURE_AUTORELEASING = YES;
				CLANG_WARN_BOOL_CONVERSION = YES;
				CLANG_WARN_COMMA = YES;
				CLANG_WARN_CONSTANT_CONVERSION = YES;
				CLANG_WARN_DEPRECATED_OBJC_IMPLEMENTATIONS = YES;
				CLANG_WARN_DIRECT_OBJC_ISA_USAGE = YES_ERROR;
				CLANG_WARN_DOCUMENTATION_COMMENTS = YES;
				CLANG_WARN_EMPTY_BODY = YES;
				CLANG_WARN_ENUM_CONVERSION = YES;
				CLANG_WARN_INFINITE_RECURSION = YES;
				CLANG_WARN_INT_CONVERSION = YES;
				CLANG_WARN_NON_LITERAL_NULL_CONVERSION = YES;
				CLANG_WARN_OBJC_IMPLICIT_RETAIN_SELF = YES;
				CLANG_WARN_OBJC_LITERAL_CONVERSION = YES;
				CLANG_WARN_OBJC_ROOT_CLASS = YES_ERROR;
				CLANG_WARN_QUOTED_INCLUDE_IN_FRAMEWORK_HEADER = YES;
				CLANG_WARN_RANGE_LOOP_ANALYSIS = YES;
				CLANG_WARN_STRICT_PROTOTYPES = YES;
				CLANG_WARN_SUSPICIOUS_MOVE = YES;
				CLANG_WARN_UNGUARDED_AVAILABILITY = YES_AGGRESSIVE;
				CLANG_WARN_UNREACHABLE_CODE = YES;
				CLANG_WARN__DUPLICATE_METHOD_MATCH = YES;
				COPY_PHASE_STRIP = NO;
				DEBUG_INFORMATION_FORMAT = "dwarf-with-dsym";
				ENABLE_NS_ASSERTIONS = NO;
				ENABLE_STRICT_OBJC_MSGSEND = YES;
				GCC_C_LANGUAGE_STANDARD = gnu11;
				GCC_NO_COMMON_BLOCKS = YES;
				GCC_WARN_64_TO_32_BIT_CONVERSION = YES;
				GCC_WARN_ABOUT_RETURN_TYPE = YES_ERROR;
				GCC_WARN_UNDECLARED_SELECTOR = YES;
				GCC_WARN_UNINITIALIZED_AUTOS = YES_AGGRESSIVE;
				GCC_WARN_UNUSED_FUNCTION = YES;
				GCC_WARN_UNUSED_VARIABLE = YES;
				IPHONEOS_DEPLOYMENT_TARGET = 14.2;
				MTL_ENABLE_DEBUG_INFO = NO;
				MTL_FAST_MATH = YES;
				SDKROOT = iphoneos;
				SWIFT_COMPILATION_MODE = wholemodule;
				SWIFT_OPTIMIZATION_LEVEL = "-O";
				VALIDATE_PRODUCT = YES;
			};
			name = Release;
		};
		6572D4072647336E00D9CC3D /* Debug */ = {
			isa = XCBuildConfiguration;
			baseConfigurationReference = D778837F50E6139983E6A7F1 /* Pods-PhotosMediaM_MaiquiCedeno.debug.xcconfig */;
			buildSettings = {
				ASSETCATALOG_COMPILER_APPICON_NAME = AppIcon;
				ASSETCATALOG_COMPILER_GLOBAL_ACCENT_COLOR_NAME = AccentColor;
				CODE_SIGN_STYLE = Automatic;
				DEVELOPMENT_TEAM = YR8ENK43BV;
				INFOPLIST_FILE = PhotosMediaM_MaiquiCedeno/Info.plist;
				IPHONEOS_DEPLOYMENT_TARGET = 10.0;
				LD_RUNPATH_SEARCH_PATHS = (
					"$(inherited)",
					"@executable_path/Frameworks",
				);
				PRODUCT_BUNDLE_IDENTIFIER = "com.PosetoStudio.PhotosMediaM-MaiquiCedeno";
				PRODUCT_NAME = "$(TARGET_NAME)";
				SWIFT_VERSION = 5.0;
				TARGETED_DEVICE_FAMILY = 1;
			};
			name = Debug;
		};
		6572D4082647336E00D9CC3D /* Release */ = {
			isa = XCBuildConfiguration;
			baseConfigurationReference = C8FC32D9ACBF8B29A567EB86 /* Pods-PhotosMediaM_MaiquiCedeno.release.xcconfig */;
			buildSettings = {
				ASSETCATALOG_COMPILER_APPICON_NAME = AppIcon;
				ASSETCATALOG_COMPILER_GLOBAL_ACCENT_COLOR_NAME = AccentColor;
				CODE_SIGN_STYLE = Automatic;
				DEVELOPMENT_TEAM = YR8ENK43BV;
				INFOPLIST_FILE = PhotosMediaM_MaiquiCedeno/Info.plist;
				IPHONEOS_DEPLOYMENT_TARGET = 10.0;
				LD_RUNPATH_SEARCH_PATHS = (
					"$(inherited)",
					"@executable_path/Frameworks",
				);
				PRODUCT_BUNDLE_IDENTIFIER = "com.PosetoStudio.PhotosMediaM-MaiquiCedeno";
				PRODUCT_NAME = "$(TARGET_NAME)";
				SWIFT_VERSION = 5.0;
				TARGETED_DEVICE_FAMILY = 1;
			};
			name = Release;
		};
/* End XCBuildConfiguration section */

/* Begin XCConfigurationList section */
		6572D3ED2647336D00D9CC3D /* Build configuration list for PBXProject "PhotosMediaM_MaiquiCedeno" */ = {
			isa = XCConfigurationList;
			buildConfigurations = (
				6572D4042647336E00D9CC3D /* Debug */,
				6572D4052647336E00D9CC3D /* Release */,
			);
			defaultConfigurationIsVisible = 0;
			defaultConfigurationName = Release;
		};
		6572D4062647336E00D9CC3D /* Build configuration list for PBXNativeTarget "PhotosMediaM_MaiquiCedeno" */ = {
			isa = XCConfigurationList;
			buildConfigurations = (
				6572D4072647336E00D9CC3D /* Debug */,
				6572D4082647336E00D9CC3D /* Release */,
			);
			defaultConfigurationIsVisible = 0;
			defaultConfigurationName = Release;
		};
/* End XCConfigurationList section */

/* Begin XCRemoteSwiftPackageReference section */
		65C527CA26476BCF00819219 /* XCRemoteSwiftPackageReference "Alamofire" */ = {
			isa = XCRemoteSwiftPackageReference;
			repositoryURL = "https://github.com/Alamofire/Alamofire.git";
			requirement = {
				kind = upToNextMajorVersion;
				minimumVersion = 5.4.3;
			};
		};
/* End XCRemoteSwiftPackageReference section */

/* Begin XCSwiftPackageProductDependency section */
		65C527CB26476BCF00819219 /* Alamofire */ = {
			isa = XCSwiftPackageProductDependency;
			package = 65C527CA26476BCF00819219 /* XCRemoteSwiftPackageReference "Alamofire" */;
			productName = Alamofire;
		};
/* End XCSwiftPackageProductDependency section */
	};
	rootObject = 6572D3EA2647336D00D9CC3D /* Project object */;
}
